
Microsoft Visual Studio Solution File, Format Version 12.00
# Visual Studio Version 17
VisualStudioVersion = 17.10.35013.160
MinimumVisualStudioVersion = 10.0.40219.1
Project("{FAE04EC0-301F-11D3-BF4B-00C04F79EFBC}") = "Student_Records", "Student_Records.csproj", "{49A187EA-ED60-41BA-A59D-CC05C43AAFAF}"
EndProject
Global
	GlobalSection(SolutionConfigurationPlatforms) = preSolution
		Debug|Any CPU = Debug|Any CPU
		Release|Any CPU = Release|Any CPU
	EndGlobalSection
	GlobalSection(ProjectConfigurationPlatforms) = postSolution
		{49A187EA-ED60-41BA-A59D-CC05C43AAFAF}.Debug|Any CPU.ActiveCfg = Debug|Any CPU
		{49A187EA-ED60-41BA-A59D-CC05C43AAFAF}.Debug|Any CPU.Build.0 = Debug|Any CPU
		{49A187EA-ED60-41BA-A59D-CC05C43AAFAF}.Release|Any CPU.ActiveCfg = Release|Any CPU
		{49A187EA-ED60-41BA-A59D-CC05C43AAFAF}.Release|Any CPU.Build.0 = Release|Any CPU
	EndGlobalSection
	GlobalSection(SolutionProperties) = preSolution
		HideSolutionNode = FALSE
	EndGlobalSection
	GlobalSection(ExtensibilityGlobals) = postSolution
		SolutionGuid = {6157BAAC-503D-4C87-85CE-9C3537F83EA1}
	EndGlobalSection
EndGlobal
